
Microsoft Visual Studio Solution File, Format Version 12.00
# Visual Studio Version 17
VisualStudioVersion = 17.2.32630.192
MinimumVisualStudioVersion = 10.0.40219.1
Project("{FAE04EC0-301F-11D3-BF4B-00C04F79EFBC}") = "Capitulo02.Razor", "Capitulo02.Razor\Capitulo02.Razor.csproj", "{4677CA51-042D-45EA-865C-1FC79B971294}"
EndProject
Project("{FAE04EC0-301F-11D3-BF4B-00C04F79EFBC}") = "Capitulo01.Conceitos", "Capitulo01.Conceitos\Capitulo01.Conceitos.csproj", "{716AF876-3FFC-487C-98BE-9124017E4F43}"
EndProject
Project("{FAE04EC0-301F-11D3-BF4B-00C04F79EFBC}") = "Capitulo02.Labs", "Capitulo02.Labs\Capitulo02.Labs.csproj", "{C37D17D6-C55E-4CA2-AB70-2F582E6AE734}"
EndProject
Project("{9A19103F-16F7-4668-BE54-9A1E7A4F7556}") = "Capitulo03.MVC", "Capitulo03.MVC\Capitulo03.MVC.csproj", "{F14F5F86-626D-4BEE-98E7-45519D344E00}"
EndProject
Project("{9A19103F-16F7-4668-BE54-9A1E7A4F7556}") = "Capitulo01.Labs", "Capitulo01.Labs\Capitulo01.Labs.csproj", "{3FC709A9-2989-4396-8A0D-898234C1FB76}"
EndProject
Project("{9A19103F-16F7-4668-BE54-9A1E7A4F7556}") = "Capitulo03.Exercicio.Livraria", "Capitulo03.Exercicio.Livraria\Capitulo03.Exercicio.Livraria.csproj", "{CDA34419-1AE3-4D6A-900F-C9B7BDFC047D}"
EndProject
Project("{9A19103F-16F7-4668-BE54-9A1E7A4F7556}") = "Capitulo03.Labs", "Capitulo03.Labs\Capitulo03.Labs.csproj", "{7B8EE124-204F-41C6-81A1-D774D1718B87}"
EndProject
Project("{9A19103F-16F7-4668-BE54-9A1E7A4F7556}") = "Capitulo04.HelloEntityFramework", "Capitulo04.HelloEntityFramework\Capitulo04.HelloEntityFramework.csproj", "{F95F6534-1F10-4F69-A4C0-40AF0CA0E9E0}"
EndProject
Project("{FAE04EC0-301F-11D3-BF4B-00C04F79EFBC}") = "Capitulo04.Labs", "Capitulo04.Labs\Capitulo04.Labs.csproj", "{BA3CA939-2EEC-4D3D-BF8B-9B8EA5E719A7}"
EndProject
Project("{FAE04EC0-301F-11D3-BF4B-00C04F79EFBC}") = "CursosConsole", "Capitulo05.Labs\CursosConsole\CursosConsole.csproj", "{CA7A111B-246E-46C9-8622-ECE21FCADDA1}"
EndProject
Project("{9A19103F-16F7-4668-BE54-9A1E7A4F7556}") = "NomeTelefoneCodeFirst", "Capitulo05.Labs\NomeTelefoneCodeFirst\NomeTelefoneCodeFirst.csproj", "{A496EEB1-1F86-426B-B9B4-F577B9193DC7}"
EndProject
Project("{9A19103F-16F7-4668-BE54-9A1E7A4F7556}") = "Mestreflix", "Mestreflix\Mestreflix.csproj", "{F0B7DEF3-2013-4B7F-A825-75B412020C74}"
EndProject
Project("{FAE04EC0-301F-11D3-BF4B-00C04F79EFBC}") = "IdentityAppMVC", "IdentityAppMVC\IdentityAppMVC.csproj", "{AF34B5C8-7483-4E0D-812C-09D7D9EB5194}"
EndProject
Project("{9A19103F-16F7-4668-BE54-9A1E7A4F7556}") = "Contatinhos", "Contatinhos\Contatinhos.csproj", "{433EFA25-7235-4D1D-BD34-98FE3E900A0D}"
EndProject
Global
	GlobalSection(SolutionConfigurationPlatforms) = preSolution
		Debug|Any CPU = Debug|Any CPU
		Release|Any CPU = Release|Any CPU
	EndGlobalSection
	GlobalSection(ProjectConfigurationPlatforms) = postSolution
		{4677CA51-042D-45EA-865C-1FC79B971294}.Debug|Any CPU.ActiveCfg = Debug|Any CPU
		{4677CA51-042D-45EA-865C-1FC79B971294}.Debug|Any CPU.Build.0 = Debug|Any CPU
		{4677CA51-042D-45EA-865C-1FC79B971294}.Release|Any CPU.ActiveCfg = Release|Any CPU
		{4677CA51-042D-45EA-865C-1FC79B971294}.Release|Any CPU.Build.0 = Release|Any CPU
		{716AF876-3FFC-487C-98BE-9124017E4F43}.Debug|Any CPU.ActiveCfg = Debug|Any CPU
		{716AF876-3FFC-487C-98BE-9124017E4F43}.Debug|Any CPU.Build.0 = Debug|Any CPU
		{716AF876-3FFC-487C-98BE-9124017E4F43}.Release|Any CPU.ActiveCfg = Release|Any CPU
		{716AF876-3FFC-487C-98BE-9124017E4F43}.Release|Any CPU.Build.0 = Release|Any CPU
		{C37D17D6-C55E-4CA2-AB70-2F582E6AE734}.Debug|Any CPU.ActiveCfg = Debug|Any CPU
		{C37D17D6-C55E-4CA2-AB70-2F582E6AE734}.Debug|Any CPU.Build.0 = Debug|Any CPU
		{C37D17D6-C55E-4CA2-AB70-2F582E6AE734}.Release|Any CPU.ActiveCfg = Release|Any CPU
		{C37D17D6-C55E-4CA2-AB70-2F582E6AE734}.Release|Any CPU.Build.0 = Release|Any CPU
		{F14F5F86-626D-4BEE-98E7-45519D344E00}.Debug|Any CPU.ActiveCfg = Debug|Any CPU
		{F14F5F86-626D-4BEE-98E7-45519D344E00}.Debug|Any CPU.Build.0 = Debug|Any CPU
		{F14F5F86-626D-4BEE-98E7-45519D344E00}.Release|Any CPU.ActiveCfg = Release|Any CPU
		{F14F5F86-626D-4BEE-98E7-45519D344E00}.Release|Any CPU.Build.0 = Release|Any CPU
		{3FC709A9-2989-4396-8A0D-898234C1FB76}.Debug|Any CPU.ActiveCfg = Debug|Any CPU
		{3FC709A9-2989-4396-8A0D-898234C1FB76}.Debug|Any CPU.Build.0 = Debug|Any CPU
		{3FC709A9-2989-4396-8A0D-898234C1FB76}.Release|Any CPU.ActiveCfg = Release|Any CPU
		{3FC709A9-2989-4396-8A0D-898234C1FB76}.Release|Any CPU.Build.0 = Release|Any CPU
		{CDA34419-1AE3-4D6A-900F-C9B7BDFC047D}.Debug|Any CPU.ActiveCfg = Debug|Any CPU
		{CDA34419-1AE3-4D6A-900F-C9B7BDFC047D}.Debug|Any CPU.Build.0 = Debug|Any CPU
		{CDA34419-1AE3-4D6A-900F-C9B7BDFC047D}.Release|Any CPU.ActiveCfg = Release|Any CPU
		{CDA34419-1AE3-4D6A-900F-C9B7BDFC047D}.Release|Any CPU.Build.0 = Release|Any CPU
		{7B8EE124-204F-41C6-81A1-D774D1718B87}.Debug|Any CPU.ActiveCfg = Debug|Any CPU
		{7B8EE124-204F-41C6-81A1-D774D1718B87}.Debug|Any CPU.Build.0 = Debug|Any CPU
		{7B8EE124-204F-41C6-81A1-D774D1718B87}.Release|Any CPU.ActiveCfg = Release|Any CPU
		{7B8EE124-204F-41C6-81A1-D774D1718B87}.Release|Any CPU.Build.0 = Release|Any CPU
		{F95F6534-1F10-4F69-A4C0-40AF0CA0E9E0}.Debug|Any CPU.ActiveCfg = Debug|Any CPU
		{F95F6534-1F10-4F69-A4C0-40AF0CA0E9E0}.Debug|Any CPU.Build.0 = Debug|Any CPU
		{F95F6534-1F10-4F69-A4C0-40AF0CA0E9E0}.Release|Any CPU.ActiveCfg = Release|Any CPU
		{F95F6534-1F10-4F69-A4C0-40AF0CA0E9E0}.Release|Any CPU.Build.0 = Release|Any CPU
		{BA3CA939-2EEC-4D3D-BF8B-9B8EA5E719A7}.Debug|Any CPU.ActiveCfg = Debug|Any CPU
		{BA3CA939-2EEC-4D3D-BF8B-9B8EA5E719A7}.Debug|Any CPU.Build.0 = Debug|Any CPU
		{BA3CA939-2EEC-4D3D-BF8B-9B8EA5E719A7}.Release|Any CPU.ActiveCfg = Release|Any CPU
		{BA3CA939-2EEC-4D3D-BF8B-9B8EA5E719A7}.Release|Any CPU.Build.0 = Release|Any CPU
		{CA7A111B-246E-46C9-8622-ECE21FCADDA1}.Debug|Any CPU.ActiveCfg = Debug|Any CPU
		{CA7A111B-246E-46C9-8622-ECE21FCADDA1}.Debug|Any CPU.Build.0 = Debug|Any CPU
		{CA7A111B-246E-46C9-8622-ECE21FCADDA1}.Release|Any CPU.ActiveCfg = Release|Any CPU
		{CA7A111B-246E-46C9-8622-ECE21FCADDA1}.Release|Any CPU.Build.0 = Release|Any CPU
		{A496EEB1-1F86-426B-B9B4-F577B9193DC7}.Debug|Any CPU.ActiveCfg = Debug|Any CPU
		{A496EEB1-1F86-426B-B9B4-F577B9193DC7}.Debug|Any CPU.Build.0 = Debug|Any CPU
		{A496EEB1-1F86-426B-B9B4-F577B9193DC7}.Release|Any CPU.ActiveCfg = Release|Any CPU
		{A496EEB1-1F86-426B-B9B4-F577B9193DC7}.Release|Any CPU.Build.0 = Release|Any CPU
		{F0B7DEF3-2013-4B7F-A825-75B412020C74}.Debug|Any CPU.ActiveCfg = Debug|Any CPU
		{F0B7DEF3-2013-4B7F-A825-75B412020C74}.Debug|Any CPU.Build.0 = Debug|Any CPU
		{F0B7DEF3-2013-4B7F-A825-75B412020C74}.Release|Any CPU.ActiveCfg = Release|Any CPU
		{F0B7DEF3-2013-4B7F-A825-75B412020C74}.Release|Any CPU.Build.0 = Release|Any CPU
		{AF34B5C8-7483-4E0D-812C-09D7D9EB5194}.Debug|Any CPU.ActiveCfg = Debug|Any CPU
		{AF34B5C8-7483-4E0D-812C-09D7D9EB5194}.Debug|Any CPU.Build.0 = Debug|Any CPU
		{AF34B5C8-7483-4E0D-812C-09D7D9EB5194}.Release|Any CPU.ActiveCfg = Release|Any CPU
		{AF34B5C8-7483-4E0D-812C-09D7D9EB5194}.Release|Any CPU.Build.0 = Release|Any CPU
		{433EFA25-7235-4D1D-BD34-98FE3E900A0D}.Debug|Any CPU.ActiveCfg = Debug|Any CPU
		{433EFA25-7235-4D1D-BD34-98FE3E900A0D}.Debug|Any CPU.Build.0 = Debug|Any CPU
		{433EFA25-7235-4D1D-BD34-98FE3E900A0D}.Release|Any CPU.ActiveCfg = Release|Any CPU
		{433EFA25-7235-4D1D-BD34-98FE3E900A0D}.Release|Any CPU.Build.0 = Release|Any CPU
	EndGlobalSection
	GlobalSection(SolutionProperties) = preSolution
		HideSolutionNode = FALSE
	EndGlobalSection
	GlobalSection(ExtensibilityGlobals) = postSolution
		SolutionGuid = {F79934A4-16EA-47F9-9296-2ABB2996EC86}
	EndGlobalSection
EndGlobal
